
Microsoft Visual Studio Solution File, Format Version 12.00
# Visual Studio Version 16
VisualStudioVersion = 16.0.30804.86
MinimumVisualStudioVersion = 10.0.40219.1
Project("{FAE04EC0-301F-11D3-BF4B-00C04F79EFBC}") = "AzureFunctionsSample", "AzureFunctionsSample\AzureFunctionsSample.csproj", "{EF5D9725-E78E-4D83-B5DF-79AEE294AC9C}"
EndProject
Global
	GlobalSection(SolutionConfigurationPlatforms) = preSolution
		Debug|Any CPU = Debug|Any CPU
		Release|Any CPU = Release|Any CPU
	EndGlobalSection
	GlobalSection(ProjectConfigurationPlatforms) = postSolution
		{EF5D9725-E78E-4D83-B5DF-79AEE294AC9C}.Debug|Any CPU.ActiveCfg = Debug|Any CPU
		{EF5D9725-E78E-4D83-B5DF-79AEE294AC9C}.Debug|Any CPU.Build.0 = Debug|Any CPU
		{EF5D9725-E78E-4D83-B5DF-79AEE294AC9C}.Release|Any CPU.ActiveCfg = Release|Any CPU
		{EF5D9725-E78E-4D83-B5DF-79AEE294AC9C}.Release|Any CPU.Build.0 = Release|Any CPU
	EndGlobalSection
	GlobalSection(SolutionProperties) = preSolution
		HideSolutionNode = FALSE
	EndGlobalSection
	GlobalSection(ExtensibilityGlobals) = postSolution
		SolutionGuid = {86152EC4-09FF-45D3-B575-51A1C6DF84DD}
	EndGlobalSection
EndGlobal
